// !$*UTF8*$!
{
	archiveVersion = 1;
	classes = {
	};
	objectVersion = 50;
	objects = {

/* Begin PBXBuildFile section */
		84586778277C825200840344 /* DashboardView.swift in Sources */ = {isa = PBXBuildFile; fileRef = 84586777277C825200840344 /* DashboardView.swift */; };
		8458677A277C826700840344 /* PurchageHistoryView.swift in Sources */ = {isa = PBXBuildFile; fileRef = 84586779277C826700840344 /* PurchageHistoryView.swift */; };
		8458677C277C827B00840344 /* AddBookView.swift in Sources */ = {isa = PBXBuildFile; fileRef = 8458677B277C827B00840344 /* AddBookView.swift */; };
		8458677E277C900000840344 /* View+Ext.swift in Sources */ = {isa = PBXBuildFile; fileRef = 8458677D277C900000840344 /* View+Ext.swift */; };
		84A2BBE12786A52A00D5D279 /* TextFieldSection.swift in Sources */ = {isa = PBXBuildFile; fileRef = 84A2BBE02786A52A00D5D279 /* TextFieldSection.swift */; };
		84A2BBE32786A55900D5D279 /* TextEditorSection.swift in Sources */ = {isa = PBXBuildFile; fileRef = 84A2BBE22786A55900D5D279 /* TextEditorSection.swift */; };
		84A4FC67277B36600059DB34 /* BooksApp.swift in Sources */ = {isa = PBXBuildFile; fileRef = 84A4FC66277B36600059DB34 /* BooksApp.swift */; };
		84A4FC69277B36600059DB34 /* ContentView.swift in Sources */ = {isa = PBXBuildFile; fileRef = 84A4FC68277B36600059DB34 /* ContentView.swift */; };
		84A4FC6B277B36620059DB34 /* Assets.xcassets in Resources */ = {isa = PBXBuildFile; fileRef = 84A4FC6A277B36620059DB34 /* Assets.xcassets */; };
		84A4FC6E277B36620059DB34 /* Preview Assets.xcassets in Resources */ = {isa = PBXBuildFile; fileRef = 84A4FC6D277B36620059DB34 /* Preview Assets.xcassets */; };
		84A4FC70277B36620059DB34 /* Persistence.swift in Sources */ = {isa = PBXBuildFile; fileRef = 84A4FC6F277B36620059DB34 /* Persistence.swift */; };
		84A4FC73277B36620059DB34 /* Books.xcdatamodeld in Sources */ = {isa = PBXBuildFile; fileRef = 84A4FC71277B36620059DB34 /* Books.xcdatamodeld */; };
		84B12E2C27881F4100623C3C /* Double+Ext.swift in Sources */ = {isa = PBXBuildFile; fileRef = 84B12E2B27881F4100623C3C /* Double+Ext.swift */; };
/* End PBXBuildFile section */

/* Begin PBXFileReference section */
		84586777277C825200840344 /* DashboardView.swift */ = {isa = PBXFileReference; lastKnownFileType = sourcecode.swift; path = DashboardView.swift; sourceTree = "<group>"; };
		84586779277C826700840344 /* PurchageHistoryView.swift */ = {isa = PBXFileReference; lastKnownFileType = sourcecode.swift; path = PurchageHistoryView.swift; sourceTree = "<group>"; };
		8458677B277C827B00840344 /* AddBookView.swift */ = {isa = PBXFileReference; lastKnownFileType = sourcecode.swift; path = AddBookView.swift; sourceTree = "<group>"; };
		8458677D277C900000840344 /* View+Ext.swift */ = {isa = PBXFileReference; lastKnownFileType = sourcecode.swift; path = "View+Ext.swift"; sourceTree = "<group>"; };
		84A2BBE02786A52A00D5D279 /* TextFieldSection.swift */ = {isa = PBXFileReference; lastKnownFileType = sourcecode.swift; path = TextFieldSection.swift; sourceTree = "<group>"; };
		84A2BBE22786A55900D5D279 /* TextEditorSection.swift */ = {isa = PBXFileReference; lastKnownFileType = sourcecode.swift; path = TextEditorSection.swift; sourceTree = "<group>"; };
		84A4FC63277B36600059DB34 /* Books.app */ = {isa = PBXFileReference; explicitFileType = wrapper.application; includeInIndex = 0; path = Books.app; sourceTree = BUILT_PRODUCTS_DIR; };
		84A4FC66277B36600059DB34 /* BooksApp.swift */ = {isa = PBXFileReference; lastKnownFileType = sourcecode.swift; path = BooksApp.swift; sourceTree = "<group>"; };
		84A4FC68277B36600059DB34 /* ContentView.swift */ = {isa = PBXFileReference; lastKnownFileType = sourcecode.swift; path = ContentView.swift; sourceTree = "<group>"; };
		84A4FC6A277B36620059DB34 /* Assets.xcassets */ = {isa = PBXFileReference; lastKnownFileType = folder.assetcatalog; path = Assets.xcassets; sourceTree = "<group>"; };
		84A4FC6D277B36620059DB34 /* Preview Assets.xcassets */ = {isa = PBXFileReference; lastKnownFileType = folder.assetcatalog; path = "Preview Assets.xcassets"; sourceTree = "<group>"; };
		84A4FC6F277B36620059DB34 /* Persistence.swift */ = {isa = PBXFileReference; lastKnownFileType = sourcecode.swift; path = Persistence.swift; sourceTree = "<group>"; };
		84A4FC72277B36620059DB34 /* Books.xcdatamodel */ = {isa = PBXFileReference; lastKnownFileType = wrapper.xcdatamodel; path = Books.xcdatamodel; sourceTree = "<group>"; };
		84A4FC74277B36620059DB34 /* Info.plist */ = {isa = PBXFileReference; lastKnownFileType = text.plist.xml; path = Info.plist; sourceTree = "<group>"; };
		84B12E2B27881F4100623C3C /* Double+Ext.swift */ = {isa = PBXFileReference; lastKnownFileType = sourcecode.swift; path = "Double+Ext.swift"; sourceTree = "<group>"; };
/* End PBXFileReference section */

/* Begin PBXFrameworksBuildPhase section */
		84A4FC60277B36600059DB34 /* Frameworks */ = {
			isa = PBXFrameworksBuildPhase;
			buildActionMask = 2147483647;
			files = (
			);
			runOnlyForDeploymentPostprocessing = 0;
		};
/* End PBXFrameworksBuildPhase section */

/* Begin PBXGroup section */
		84586773277C807200840344 /* Features+Views */ = {
			isa = PBXGroup;
			children = (
				84A4FC68277B36600059DB34 /* ContentView.swift */,
				84586777277C825200840344 /* DashboardView.swift */,
				84586779277C826700840344 /* PurchageHistoryView.swift */,
				8458677B277C827B00840344 /* AddBookView.swift */,
			);
			path = "Features+Views";
			sourceTree = "<group>";
		};
		84586774277C808300840344 /* Utils */ = {
			isa = PBXGroup;
			children = (
				84A4FC6F277B36620059DB34 /* Persistence.swift */,
				8458677D277C900000840344 /* View+Ext.swift */,
				84B12E2B27881F4100623C3C /* Double+Ext.swift */,
			);
			path = Utils;
			sourceTree = "<group>";
		};
		84586775277C809800840344 /* Application */ = {
			isa = PBXGroup;
			children = (
				84A4FC74277B36620059DB34 /* Info.plist */,
				84A4FC66277B36600059DB34 /* BooksApp.swift */,
			);
			path = Application;
			sourceTree = "<group>";
		};
		84A2BBDF2786A4F100D5D279 /* Views */ = {
			isa = PBXGroup;
			children = (
				84A2BBE02786A52A00D5D279 /* TextFieldSection.swift */,
				84A2BBE22786A55900D5D279 /* TextEditorSection.swift */,
			);
			path = Views;
			sourceTree = "<group>";
		};
		84A4FC5A277B36600059DB34 = {
			isa = PBXGroup;
			children = (
				84A4FC65277B36600059DB34 /* Books */,
				84A4FC64277B36600059DB34 /* Products */,
			);
			sourceTree = "<group>";
		};
		84A4FC64277B36600059DB34 /* Products */ = {
			isa = PBXGroup;
			children = (
				84A4FC63277B36600059DB34 /* Books.app */,
			);
			name = Products;
			sourceTree = "<group>";
		};
		84A4FC65277B36600059DB34 /* Books */ = {
			isa = PBXGroup;
			children = (
				84586775277C809800840344 /* Application */,
				84586774277C808300840344 /* Utils */,
				84A2BBDF2786A4F100D5D279 /* Views */,
				84586773277C807200840344 /* Features+Views */,
				84A4FC7A277B38650059DB34 /* Resources */,
				84A4FC6C277B36620059DB34 /* Preview Content */,
			);
			path = Books;
			sourceTree = "<group>";
		};
		84A4FC6C277B36620059DB34 /* Preview Content */ = {
			isa = PBXGroup;
			children = (
				84A4FC6D277B36620059DB34 /* Preview Assets.xcassets */,
			);
			path = "Preview Content";
			sourceTree = "<group>";
		};
		84A4FC7A277B38650059DB34 /* Resources */ = {
			isa = PBXGroup;
			children = (
				84A4FC6A277B36620059DB34 /* Assets.xcassets */,
				84A4FC71277B36620059DB34 /* Books.xcdatamodeld */,
			);
			path = Resources;
			sourceTree = "<group>";
		};
/* End PBXGroup section */

/* Begin PBXNativeTarget section */
		84A4FC62277B36600059DB34 /* Books */ = {
			isa = PBXNativeTarget;
			buildConfigurationList = 84A4FC77277B36620059DB34 /* Build configuration list for PBXNativeTarget "Books" */;
			buildPhases = (
				84A4FC5F277B36600059DB34 /* Sources */,
				84A4FC60277B36600059DB34 /* Frameworks */,
				84A4FC61277B36600059DB34 /* Resources */,
			);
			buildRules = (
			);
			dependencies = (
			);
			name = Books;
			productName = Books;
			productReference = 84A4FC63277B36600059DB34 /* Books.app */;
			productType = "com.apple.product-type.application";
		};
/* End PBXNativeTarget section */

/* Begin PBXProject section */
		84A4FC5B277B36600059DB34 /* Project object */ = {
			isa = PBXProject;
			attributes = {
				LastSwiftUpdateCheck = 1250;
				LastUpgradeCheck = 1250;
				TargetAttributes = {
					84A4FC62277B36600059DB34 = {
						CreatedOnToolsVersion = 12.5;
					};
				};
			};
			buildConfigurationList = 84A4FC5E277B36600059DB34 /* Build configuration list for PBXProject "Books" */;
			compatibilityVersion = "Xcode 9.3";
			developmentRegion = en;
			hasScannedForEncodings = 0;
			knownRegions = (
				en,
				Base,
			);
			mainGroup = 84A4FC5A277B36600059DB34;
			productRefGroup = 84A4FC64277B36600059DB34 /* Products */;
			projectDirPath = "";
			projectRoot = "";
			targets = (
				84A4FC62277B36600059DB34 /* Books */,
			);
		};
/* End PBXProject section */

/* Begin PBXResourcesBuildPhase section */
		84A4FC61277B36600059DB34 /* Resources */ = {
			isa = PBXResourcesBuildPhase;
			buildActionMask = 2147483647;
			files = (
				84A4FC6E277B36620059DB34 /* Preview Assets.xcassets in Resources */,
				84A4FC6B277B36620059DB34 /* Assets.xcassets in Resources */,
			);
			runOnlyForDeploymentPostprocessing = 0;
		};
/* End PBXResourcesBuildPhase section */

/* Begin PBXSourcesBuildPhase section */
		84A4FC5F277B36600059DB34 /* Sources */ = {
			isa = PBXSourcesBuildPhase;
			buildActionMask = 2147483647;
			files = (
				8458677E277C900000840344 /* View+Ext.swift in Sources */,
				84A2BBE12786A52A00D5D279 /* TextFieldSection.swift in Sources */,
				8458677C277C827B00840344 /* AddBookView.swift in Sources */,
				84A4FC73277B36620059DB34 /* Books.xcdatamodeld in Sources */,
				84B12E2C27881F4100623C3C /* Double+Ext.swift in Sources */,
				84A4FC70277B36620059DB34 /* Persistence.swift in Sources */,
				84A2BBE32786A55900D5D279 /* TextEditorSection.swift in Sources */,
				8458677A277C826700840344 /* PurchageHistoryView.swift in Sources */,
				84586778277C825200840344 /* DashboardView.swift in Sources */,
				84A4FC69277B36600059DB34 /* ContentView.swift in Sources */,
				84A4FC67277B36600059DB34 /* BooksApp.swift in Sources */,
			);
			runOnlyForDeploymentPostprocessing = 0;
		};
/* End PBXSourcesBuildPhase section */

/* Begin XCBuildConfiguration section */
		84A4FC75277B36620059DB34 /* Debug */ = {
			isa = XCBuildConfiguration;
			buildSettings = {
				ALWAYS_SEARCH_USER_PATHS = NO;
				CLANG_ANALYZER_NONNULL = YES;
				CLANG_ANALYZER_NUMBER_OBJECT_CONVERSION = YES_AGGRESSIVE;
				CLANG_CXX_LANGUAGE_STANDARD = "gnu++14";
				CLANG_CXX_LIBRARY = "libc++";
				CLANG_ENABLE_MODULES = YES;
				CLANG_ENABLE_OBJC_ARC = YES;
				CLANG_ENABLE_OBJC_WEAK = YES;
				CLANG_WARN_BLOCK_CAPTURE_AUTORELEASING = YES;
				CLANG_WARN_BOOL_CONVERSION = YES;
				CLANG_WARN_COMMA = YES;
				CLANG_WARN_CONSTANT_CONVERSION = YES;
				CLANG_WARN_DEPRECATED_OBJC_IMPLEMENTATIONS = YES;
				CLANG_WARN_DIRECT_OBJC_ISA_USAGE = YES_ERROR;
				CLANG_WARN_DOCUMENTATION_COMMENTS = YES;
				CLANG_WARN_EMPTY_BODY = YES;
				CLANG_WARN_ENUM_CONVERSION = YES;
				CLANG_WARN_INFINITE_RECURSION = YES;
				CLANG_WARN_INT_CONVERSION = YES;
				CLANG_WARN_NON_LITERAL_NULL_CONVERSION = YES;
				CLANG_WARN_OBJC_IMPLICIT_RETAIN_SELF = YES;
				CLANG_WARN_OBJC_LITERAL_CONVERSION = YES;
				CLANG_WARN_OBJC_ROOT_CLASS = YES_ERROR;
				CLANG_WARN_QUOTED_INCLUDE_IN_FRAMEWORK_HEADER = YES;
				CLANG_WARN_RANGE_LOOP_ANALYSIS = YES;
				CLANG_WARN_STRICT_PROTOTYPES = YES;
				CLANG_WARN_SUSPICIOUS_MOVE = YES;
				CLANG_WARN_UNGUARDED_AVAILABILITY = YES_AGGRESSIVE;
				CLANG_WARN_UNREACHABLE_CODE = YES;
				CLANG_WARN__DUPLICATE_METHOD_MATCH = YES;
				COPY_PHASE_STRIP = NO;
				DEBUG_INFORMATION_FORMAT = dwarf;
				ENABLE_STRICT_OBJC_MSGSEND = YES;
				ENABLE_TESTABILITY = YES;
				GCC_C_LANGUAGE_STANDARD = gnu11;
				GCC_DYNAMIC_NO_PIC = NO;
				GCC_NO_COMMON_BLOCKS = YES;
				GCC_OPTIMIZATION_LEVEL = 0;
				GCC_PREPROCESSOR_DEFINITIONS = (
					"DEBUG=1",
					"$(inherited)",
				);
				GCC_WARN_64_TO_32_BIT_CONVERSION = YES;
				GCC_WARN_ABOUT_RETURN_TYPE = YES_ERROR;
				GCC_WARN_UNDECLARED_SELECTOR = YES;
				GCC_WARN_UNINITIALIZED_AUTOS = YES_AGGRESSIVE;
				GCC_WARN_UNUSED_FUNCTION = YES;
				GCC_WARN_UNUSED_VARIABLE = YES;
				IPHONEOS_DEPLOYMENT_TARGET = 14.5;
				MTL_ENABLE_DEBUG_INFO = INCLUDE_SOURCE;
				MTL_FAST_MATH = YES;
				ONLY_ACTIVE_ARCH = YES;
				SDKROOT = iphoneos;
				SWIFT_ACTIVE_COMPILATION_CONDITIONS = DEBUG;
				SWIFT_OPTIMIZATION_LEVEL = "-Onone";
			};
			name = Debug;
		};
		84A4FC76277B36620059DB34 /* Release */ = {
			isa = XCBuildConfiguration;
			buildSettings = {
				ALWAYS_SEARCH_USER_PATHS = NO;
				CLANG_ANALYZER_NONNULL = YES;
				CLANG_ANALYZER_NUMBER_OBJECT_CONVERSION = YES_AGGRESSIVE;
				CLANG_CXX_LANGUAGE_STANDARD = "gnu++14";
				CLANG_CXX_LIBRARY = "libc++";
				CLANG_ENABLE_MODULES = YES;
				CLANG_ENABLE_OBJC_ARC = YES;
				CLANG_ENABLE_OBJC_WEAK = YES;
				CLANG_WARN_BLOCK_CAPTURE_AUTORELEASING = YES;
				CLANG_WARN_BOOL_CONVERSION = YES;
				CLANG_WARN_COMMA = YES;
				CLANG_WARN_CONSTANT_CONVERSION = YES;
				CLANG_WARN_DEPRECATED_OBJC_IMPLEMENTATIONS = YES;
				CLANG_WARN_DIRECT_OBJC_ISA_USAGE = YES_ERROR;
				CLANG_WARN_DOCUMENTATION_COMMENTS = YES;
				CLANG_WARN_EMPTY_BODY = YES;
				CLANG_WARN_ENUM_CONVERSION = YES;
				CLANG_WARN_INFINITE_RECURSION = YES;
				CLANG_WARN_INT_CONVERSION = YES;
				CLANG_WARN_NON_LITERAL_NULL_CONVERSION = YES;
				CLANG_WARN_OBJC_IMPLICIT_RETAIN_SELF = YES;
				CLANG_WARN_OBJC_LITERAL_CONVERSION = YES;
				CLANG_WARN_OBJC_ROOT_CLASS = YES_ERROR;
				CLANG_WARN_QUOTED_INCLUDE_IN_FRAMEWORK_HEADER = YES;
				CLANG_WARN_RANGE_LOOP_ANALYSIS = YES;
				CLANG_WARN_STRICT_PROTOTYPES = YES;
				CLANG_WARN_SUSPICIOUS_MOVE = YES;
				CLANG_WARN_UNGUARDED_AVAILABILITY = YES_AGGRESSIVE;
				CLANG_WARN_UNREACHABLE_CODE = YES;
				CLANG_WARN__DUPLICATE_METHOD_MATCH = YES;
				COPY_PHASE_STRIP = NO;
				DEBUG_INFORMATION_FORMAT = "dwarf-with-dsym";
				ENABLE_NS_ASSERTIONS = NO;
				ENABLE_STRICT_OBJC_MSGSEND = YES;
				GCC_C_LANGUAGE_STANDARD = gnu11;
				GCC_NO_COMMON_BLOCKS = YES;
				GCC_WARN_64_TO_32_BIT_CONVERSION = YES;
				GCC_WARN_ABOUT_RETURN_TYPE = YES_ERROR;
				GCC_WARN_UNDECLARED_SELECTOR = YES;
				GCC_WARN_UNINITIALIZED_AUTOS = YES_AGGRESSIVE;
				GCC_WARN_UNUSED_FUNCTION = YES;
				GCC_WARN_UNUSED_VARIABLE = YES;
				IPHONEOS_DEPLOYMENT_TARGET = 14.5;
				MTL_ENABLE_DEBUG_INFO = NO;
				MTL_FAST_MATH = YES;
				SDKROOT = iphoneos;
				SWIFT_COMPILATION_MODE = wholemodule;
				SWIFT_OPTIMIZATION_LEVEL = "-O";
				VALIDATE_PRODUCT = YES;
			};
			name = Release;
		};
		84A4FC78277B36620059DB34 /* Debug */ = {
			isa = XCBuildConfiguration;
			buildSettings = {
				ASSETCATALOG_COMPILER_APPICON_NAME = AppIcon;
				ASSETCATALOG_COMPILER_GLOBAL_ACCENT_COLOR_NAME = AccentColor;
				CODE_SIGN_STYLE = Automatic;
				DEVELOPMENT_ASSET_PATHS = "\"Books/Preview Content\"";
				ENABLE_PREVIEWS = YES;
				INFOPLIST_FILE = Books/Application/Info.plist;
				IPHONEOS_DEPLOYMENT_TARGET = 14.0;
				LD_RUNPATH_SEARCH_PATHS = (
					"$(inherited)",
					"@executable_path/Frameworks",
				);
				PRODUCT_BUNDLE_IDENTIFIER = com.DPS.passenger.Books;
				PRODUCT_NAME = "$(TARGET_NAME)";
				SWIFT_VERSION = 5.0;
				TARGETED_DEVICE_FAMILY = "1,2";
			};
			name = Debug;
		};
		84A4FC79277B36620059DB34 /* Release */ = {
			isa = XCBuildConfiguration;
			buildSettings = {
				ASSETCATALOG_COMPILER_APPICON_NAME = AppIcon;
				ASSETCATALOG_COMPILER_GLOBAL_ACCENT_COLOR_NAME = AccentColor;
				CODE_SIGN_STYLE = Automatic;
				DEVELOPMENT_ASSET_PATHS = "\"Books/Preview Content\"";
				ENABLE_PREVIEWS = YES;
				INFOPLIST_FILE = Books/Application/Info.plist;
				IPHONEOS_DEPLOYMENT_TARGET = 14.0;
				LD_RUNPATH_SEARCH_PATHS = (
					"$(inherited)",
					"@executable_path/Frameworks",
				);
				PRODUCT_BUNDLE_IDENTIFIER = com.DPS.passenger.Books;
				PRODUCT_NAME = "$(TARGET_NAME)";
				SWIFT_VERSION = 5.0;
				TARGETED_DEVICE_FAMILY = "1,2";
			};
			name = Release;
		};
/* End XCBuildConfiguration section */

/* Begin XCConfigurationList section */
		84A4FC5E277B36600059DB34 /* Build configuration list for PBXProject "Books" */ = {
			isa = XCConfigurationList;
			buildConfigurations = (
				84A4FC75277B36620059DB34 /* Debug */,
				84A4FC76277B36620059DB34 /* Release */,
			);
			defaultConfigurationIsVisible = 0;
			defaultConfigurationName = Release;
		};
		84A4FC77277B36620059DB34 /* Build configuration list for PBXNativeTarget "Books" */ = {
			isa = XCConfigurationList;
			buildConfigurations = (
				84A4FC78277B36620059DB34 /* Debug */,
				84A4FC79277B36620059DB34 /* Release */,
			);
			defaultConfigurationIsVisible = 0;
			defaultConfigurationName = Release;
		};
/* End XCConfigurationList section */

/* Begin XCVersionGroup section */
		84A4FC71277B36620059DB34 /* Books.xcdatamodeld */ = {
			isa = XCVersionGroup;
			children = (
				84A4FC72277B36620059DB34 /* Books.xcdatamodel */,
			);
			currentVersion = 84A4FC72277B36620059DB34 /* Books.xcdatamodel */;
			path = Books.xcdatamodeld;
			sourceTree = "<group>";
			versionGroupType = wrapper.xcdatamodel;
		};
/* End XCVersionGroup section */
	};
	rootObject = 84A4FC5B277B36600059DB34 /* Project object */;
}
