// !$*UTF8*$!
{
	archiveVersion = 1;
	classes = {
	};
	objectVersion = 55;
	objects = {

/* Begin PBXBuildFile section */
		84987889282B8E970035C959 /* FitnessAppApp.swift in Sources */ = {isa = PBXBuildFile; fileRef = 84987888282B8E970035C959 /* FitnessAppApp.swift */; };
		8498788B282B8E970035C959 /* ContentView.swift in Sources */ = {isa = PBXBuildFile; fileRef = 8498788A282B8E970035C959 /* ContentView.swift */; };
		8498788D282B8E980035C959 /* Assets.xcassets in Resources */ = {isa = PBXBuildFile; fileRef = 8498788C282B8E980035C959 /* Assets.xcassets */; };
		84987890282B8E980035C959 /* Preview Assets.xcassets in Resources */ = {isa = PBXBuildFile; fileRef = 8498788F282B8E980035C959 /* Preview Assets.xcassets */; };
		8498789E282B8F350035C959 /* Colors.xcassets in Resources */ = {isa = PBXBuildFile; fileRef = 8498789D282B8F350035C959 /* Colors.xcassets */; };
		849878A0282B904E0035C959 /* Icons.xcassets in Resources */ = {isa = PBXBuildFile; fileRef = 8498789F282B904E0035C959 /* Icons.xcassets */; };
		849878A3282BA0350035C959 /* TabBarView.swift in Sources */ = {isa = PBXBuildFile; fileRef = 849878A2282BA0350035C959 /* TabBarView.swift */; };
		849878AB282BA0750035C959 /* TextFields.swift in Sources */ = {isa = PBXBuildFile; fileRef = 849878A5282BA0750035C959 /* TextFields.swift */; };
		849878AC282BA0750035C959 /* Navigation.swift in Sources */ = {isa = PBXBuildFile; fileRef = 849878A6282BA0750035C959 /* Navigation.swift */; };
		849878AD282BA0750035C959 /* Text+Style.swift in Sources */ = {isa = PBXBuildFile; fileRef = 849878A7282BA0750035C959 /* Text+Style.swift */; };
		849878AE282BA0750035C959 /* Checkbox.swift in Sources */ = {isa = PBXBuildFile; fileRef = 849878A8282BA0750035C959 /* Checkbox.swift */; };
		849878AF282BA0750035C959 /* Button+Style.swift in Sources */ = {isa = PBXBuildFile; fileRef = 849878A9282BA0750035C959 /* Button+Style.swift */; };
		849878B1282BA2DA0035C959 /* Images.swift in Sources */ = {isa = PBXBuildFile; fileRef = 849878B0282BA2DA0035C959 /* Images.swift */; };
		849878B5282BAFE40035C959 /* Colors.swift in Sources */ = {isa = PBXBuildFile; fileRef = 849878B4282BAFE40035C959 /* Colors.swift */; };
/* End PBXBuildFile section */

/* Begin PBXFileReference section */
		84987885282B8E970035C959 /* FitnessApp.app */ = {isa = PBXFileReference; explicitFileType = wrapper.application; includeInIndex = 0; path = FitnessApp.app; sourceTree = BUILT_PRODUCTS_DIR; };
		84987888282B8E970035C959 /* FitnessAppApp.swift */ = {isa = PBXFileReference; lastKnownFileType = sourcecode.swift; path = FitnessAppApp.swift; sourceTree = "<group>"; };
		8498788A282B8E970035C959 /* ContentView.swift */ = {isa = PBXFileReference; lastKnownFileType = sourcecode.swift; path = ContentView.swift; sourceTree = "<group>"; };
		8498788C282B8E980035C959 /* Assets.xcassets */ = {isa = PBXFileReference; lastKnownFileType = folder.assetcatalog; path = Assets.xcassets; sourceTree = "<group>"; };
		8498788F282B8E980035C959 /* Preview Assets.xcassets */ = {isa = PBXFileReference; lastKnownFileType = folder.assetcatalog; path = "Preview Assets.xcassets"; sourceTree = "<group>"; };
		8498789D282B8F350035C959 /* Colors.xcassets */ = {isa = PBXFileReference; lastKnownFileType = folder.assetcatalog; path = Colors.xcassets; sourceTree = "<group>"; };
		8498789F282B904E0035C959 /* Icons.xcassets */ = {isa = PBXFileReference; lastKnownFileType = folder.assetcatalog; path = Icons.xcassets; sourceTree = "<group>"; };
		849878A2282BA0350035C959 /* TabBarView.swift */ = {isa = PBXFileReference; fileEncoding = 4; lastKnownFileType = sourcecode.swift; name = TabBarView.swift; path = ../../../../SnapChatInput/SnapChatInput/Features/TabBarView.swift; sourceTree = "<group>"; };
		849878A5282BA0750035C959 /* TextFields.swift */ = {isa = PBXFileReference; fileEncoding = 4; lastKnownFileType = sourcecode.swift; path = TextFields.swift; sourceTree = "<group>"; };
		849878A6282BA0750035C959 /* Navigation.swift */ = {isa = PBXFileReference; fileEncoding = 4; lastKnownFileType = sourcecode.swift; path = Navigation.swift; sourceTree = "<group>"; };
		849878A7282BA0750035C959 /* Text+Style.swift */ = {isa = PBXFileReference; fileEncoding = 4; lastKnownFileType = sourcecode.swift; path = "Text+Style.swift"; sourceTree = "<group>"; };
		849878A8282BA0750035C959 /* Checkbox.swift */ = {isa = PBXFileReference; fileEncoding = 4; lastKnownFileType = sourcecode.swift; path = Checkbox.swift; sourceTree = "<group>"; };
		849878A9282BA0750035C959 /* Button+Style.swift */ = {isa = PBXFileReference; fileEncoding = 4; lastKnownFileType = sourcecode.swift; path = "Button+Style.swift"; sourceTree = "<group>"; };
		849878B0282BA2DA0035C959 /* Images.swift */ = {isa = PBXFileReference; lastKnownFileType = sourcecode.swift; path = Images.swift; sourceTree = "<group>"; };
		849878B4282BAFE40035C959 /* Colors.swift */ = {isa = PBXFileReference; fileEncoding = 4; lastKnownFileType = sourcecode.swift; path = Colors.swift; sourceTree = "<group>"; };
/* End PBXFileReference section */

/* Begin PBXFrameworksBuildPhase section */
		84987882282B8E970035C959 /* Frameworks */ = {
			isa = PBXFrameworksBuildPhase;
			buildActionMask = 2147483647;
			files = (
			);
			runOnlyForDeploymentPostprocessing = 0;
		};
/* End PBXFrameworksBuildPhase section */

/* Begin PBXGroup section */
		8498787C282B8E970035C959 = {
			isa = PBXGroup;
			children = (
				84987887282B8E970035C959 /* FitnessApp */,
				84987886282B8E970035C959 /* Products */,
			);
			sourceTree = "<group>";
		};
		84987886282B8E970035C959 /* Products */ = {
			isa = PBXGroup;
			children = (
				84987885282B8E970035C959 /* FitnessApp.app */,
			);
			name = Products;
			sourceTree = "<group>";
		};
		84987887282B8E970035C959 /* FitnessApp */ = {
			isa = PBXGroup;
			children = (
				8498789C282B8EED0035C959 /* Application */,
				8498789B282B8EE70035C959 /* Models */,
				8498789A282B8EE00035C959 /* Utils */,
				84987899282B8EDA0035C959 /* Views */,
				84987897282B8EB50035C959 /* Features */,
				84987898282B8EBD0035C959 /* Extensions */,
				84987896282B8EA80035C959 /* Resouces */,
				8498788E282B8E980035C959 /* Preview Content */,
			);
			path = FitnessApp;
			sourceTree = "<group>";
		};
		8498788E282B8E980035C959 /* Preview Content */ = {
			isa = PBXGroup;
			children = (
				8498788F282B8E980035C959 /* Preview Assets.xcassets */,
			);
			path = "Preview Content";
			sourceTree = "<group>";
		};
		84987896282B8EA80035C959 /* Resouces */ = {
			isa = PBXGroup;
			children = (
				8498788C282B8E980035C959 /* Assets.xcassets */,
				8498789D282B8F350035C959 /* Colors.xcassets */,
				8498789F282B904E0035C959 /* Icons.xcassets */,
			);
			path = Resouces;
			sourceTree = "<group>";
		};
		84987897282B8EB50035C959 /* Features */ = {
			isa = PBXGroup;
			children = (
				8498788A282B8E970035C959 /* ContentView.swift */,
				849878A1282BA02A0035C959 /* TabBar */,
			);
			path = Features;
			sourceTree = "<group>";
		};
		84987898282B8EBD0035C959 /* Extensions */ = {
			isa = PBXGroup;
			children = (
				849878A9282BA0750035C959 /* Button+Style.swift */,
				849878B4282BAFE40035C959 /* Colors.swift */,
				849878A8282BA0750035C959 /* Checkbox.swift */,
				849878A6282BA0750035C959 /* Navigation.swift */,
				849878A7282BA0750035C959 /* Text+Style.swift */,
				849878A5282BA0750035C959 /* TextFields.swift */,
				849878B0282BA2DA0035C959 /* Images.swift */,
			);
			path = Extensions;
			sourceTree = "<group>";
		};
		84987899282B8EDA0035C959 /* Views */ = {
			isa = PBXGroup;
			children = (
			);
			path = Views;
			sourceTree = "<group>";
		};
		8498789A282B8EE00035C959 /* Utils */ = {
			isa = PBXGroup;
			children = (
			);
			path = Utils;
			sourceTree = "<group>";
		};
		8498789B282B8EE70035C959 /* Models */ = {
			isa = PBXGroup;
			children = (
			);
			path = Models;
			sourceTree = "<group>";
		};
		8498789C282B8EED0035C959 /* Application */ = {
			isa = PBXGroup;
			children = (
				84987888282B8E970035C959 /* FitnessAppApp.swift */,
			);
			path = Application;
			sourceTree = "<group>";
		};
		849878A1282BA02A0035C959 /* TabBar */ = {
			isa = PBXGroup;
			children = (
				849878A2282BA0350035C959 /* TabBarView.swift */,
			);
			path = TabBar;
			sourceTree = "<group>";
		};
/* End PBXGroup section */

/* Begin PBXNativeTarget section */
		84987884282B8E970035C959 /* FitnessApp */ = {
			isa = PBXNativeTarget;
			buildConfigurationList = 84987893282B8E980035C959 /* Build configuration list for PBXNativeTarget "FitnessApp" */;
			buildPhases = (
				84987881282B8E970035C959 /* Sources */,
				84987882282B8E970035C959 /* Frameworks */,
				84987883282B8E970035C959 /* Resources */,
			);
			buildRules = (
			);
			dependencies = (
			);
			name = FitnessApp;
			productName = FitnessApp;
			productReference = 84987885282B8E970035C959 /* FitnessApp.app */;
			productType = "com.apple.product-type.application";
		};
/* End PBXNativeTarget section */

/* Begin PBXProject section */
		8498787D282B8E970035C959 /* Project object */ = {
			isa = PBXProject;
			attributes = {
				BuildIndependentTargetsInParallel = 1;
				LastSwiftUpdateCheck = 1310;
				LastUpgradeCheck = 1310;
				TargetAttributes = {
					84987884282B8E970035C959 = {
						CreatedOnToolsVersion = 13.1;
					};
				};
			};
			buildConfigurationList = 84987880282B8E970035C959 /* Build configuration list for PBXProject "FitnessApp" */;
			compatibilityVersion = "Xcode 13.0";
			developmentRegion = en;
			hasScannedForEncodings = 0;
			knownRegions = (
				en,
				Base,
			);
			mainGroup = 8498787C282B8E970035C959;
			productRefGroup = 84987886282B8E970035C959 /* Products */;
			projectDirPath = "";
			projectRoot = "";
			targets = (
				84987884282B8E970035C959 /* FitnessApp */,
			);
		};
/* End PBXProject section */

/* Begin PBXResourcesBuildPhase section */
		84987883282B8E970035C959 /* Resources */ = {
			isa = PBXResourcesBuildPhase;
			buildActionMask = 2147483647;
			files = (
				8498789E282B8F350035C959 /* Colors.xcassets in Resources */,
				84987890282B8E980035C959 /* Preview Assets.xcassets in Resources */,
				849878A0282B904E0035C959 /* Icons.xcassets in Resources */,
				8498788D282B8E980035C959 /* Assets.xcassets in Resources */,
			);
			runOnlyForDeploymentPostprocessing = 0;
		};
/* End PBXResourcesBuildPhase section */

/* Begin PBXSourcesBuildPhase section */
		84987881282B8E970035C959 /* Sources */ = {
			isa = PBXSourcesBuildPhase;
			buildActionMask = 2147483647;
			files = (
				849878AE282BA0750035C959 /* Checkbox.swift in Sources */,
				849878B5282BAFE40035C959 /* Colors.swift in Sources */,
				849878AB282BA0750035C959 /* TextFields.swift in Sources */,
				8498788B282B8E970035C959 /* ContentView.swift in Sources */,
				849878AD282BA0750035C959 /* Text+Style.swift in Sources */,
				849878AC282BA0750035C959 /* Navigation.swift in Sources */,
				849878AF282BA0750035C959 /* Button+Style.swift in Sources */,
				849878B1282BA2DA0035C959 /* Images.swift in Sources */,
				849878A3282BA0350035C959 /* TabBarView.swift in Sources */,
				84987889282B8E970035C959 /* FitnessAppApp.swift in Sources */,
			);
			runOnlyForDeploymentPostprocessing = 0;
		};
/* End PBXSourcesBuildPhase section */

/* Begin XCBuildConfiguration section */
		84987891282B8E980035C959 /* Debug */ = {
			isa = XCBuildConfiguration;
			buildSettings = {
				ALWAYS_SEARCH_USER_PATHS = NO;
				CLANG_ANALYZER_NONNULL = YES;
				CLANG_ANALYZER_NUMBER_OBJECT_CONVERSION = YES_AGGRESSIVE;
				CLANG_CXX_LANGUAGE_STANDARD = "gnu++17";
				CLANG_CXX_LIBRARY = "libc++";
				CLANG_ENABLE_MODULES = YES;
				CLANG_ENABLE_OBJC_ARC = YES;
				CLANG_ENABLE_OBJC_WEAK = YES;
				CLANG_WARN_BLOCK_CAPTURE_AUTORELEASING = YES;
				CLANG_WARN_BOOL_CONVERSION = YES;
				CLANG_WARN_COMMA = YES;
				CLANG_WARN_CONSTANT_CONVERSION = YES;
				CLANG_WARN_DEPRECATED_OBJC_IMPLEMENTATIONS = YES;
				CLANG_WARN_DIRECT_OBJC_ISA_USAGE = YES_ERROR;
				CLANG_WARN_DOCUMENTATION_COMMENTS = YES;
				CLANG_WARN_EMPTY_BODY = YES;
				CLANG_WARN_ENUM_CONVERSION = YES;
				CLANG_WARN_INFINITE_RECURSION = YES;
				CLANG_WARN_INT_CONVERSION = YES;
				CLANG_WARN_NON_LITERAL_NULL_CONVERSION = YES;
				CLANG_WARN_OBJC_IMPLICIT_RETAIN_SELF = YES;
				CLANG_WARN_OBJC_LITERAL_CONVERSION = YES;
				CLANG_WARN_OBJC_ROOT_CLASS = YES_ERROR;
				CLANG_WARN_QUOTED_INCLUDE_IN_FRAMEWORK_HEADER = YES;
				CLANG_WARN_RANGE_LOOP_ANALYSIS = YES;
				CLANG_WARN_STRICT_PROTOTYPES = YES;
				CLANG_WARN_SUSPICIOUS_MOVE = YES;
				CLANG_WARN_UNGUARDED_AVAILABILITY = YES_AGGRESSIVE;
				CLANG_WARN_UNREACHABLE_CODE = YES;
				CLANG_WARN__DUPLICATE_METHOD_MATCH = YES;
				COPY_PHASE_STRIP = NO;
				DEBUG_INFORMATION_FORMAT = dwarf;
				ENABLE_STRICT_OBJC_MSGSEND = YES;
				ENABLE_TESTABILITY = YES;
				GCC_C_LANGUAGE_STANDARD = gnu11;
				GCC_DYNAMIC_NO_PIC = NO;
				GCC_NO_COMMON_BLOCKS = YES;
				GCC_OPTIMIZATION_LEVEL = 0;
				GCC_PREPROCESSOR_DEFINITIONS = (
					"DEBUG=1",
					"$(inherited)",
				);
				GCC_WARN_64_TO_32_BIT_CONVERSION = YES;
				GCC_WARN_ABOUT_RETURN_TYPE = YES_ERROR;
				GCC_WARN_UNDECLARED_SELECTOR = YES;
				GCC_WARN_UNINITIALIZED_AUTOS = YES_AGGRESSIVE;
				GCC_WARN_UNUSED_FUNCTION = YES;
				GCC_WARN_UNUSED_VARIABLE = YES;
				IPHONEOS_DEPLOYMENT_TARGET = 15.0;
				MTL_ENABLE_DEBUG_INFO = INCLUDE_SOURCE;
				MTL_FAST_MATH = YES;
				ONLY_ACTIVE_ARCH = YES;
				SDKROOT = iphoneos;
				SWIFT_ACTIVE_COMPILATION_CONDITIONS = DEBUG;
				SWIFT_OPTIMIZATION_LEVEL = "-Onone";
			};
			name = Debug;
		};
		84987892282B8E980035C959 /* Release */ = {
			isa = XCBuildConfiguration;
			buildSettings = {
				ALWAYS_SEARCH_USER_PATHS = NO;
				CLANG_ANALYZER_NONNULL = YES;
				CLANG_ANALYZER_NUMBER_OBJECT_CONVERSION = YES_AGGRESSIVE;
				CLANG_CXX_LANGUAGE_STANDARD = "gnu++17";
				CLANG_CXX_LIBRARY = "libc++";
				CLANG_ENABLE_MODULES = YES;
				CLANG_ENABLE_OBJC_ARC = YES;
				CLANG_ENABLE_OBJC_WEAK = YES;
				CLANG_WARN_BLOCK_CAPTURE_AUTORELEASING = YES;
				CLANG_WARN_BOOL_CONVERSION = YES;
				CLANG_WARN_COMMA = YES;
				CLANG_WARN_CONSTANT_CONVERSION = YES;
				CLANG_WARN_DEPRECATED_OBJC_IMPLEMENTATIONS = YES;
				CLANG_WARN_DIRECT_OBJC_ISA_USAGE = YES_ERROR;
				CLANG_WARN_DOCUMENTATION_COMMENTS = YES;
				CLANG_WARN_EMPTY_BODY = YES;
				CLANG_WARN_ENUM_CONVERSION = YES;
				CLANG_WARN_INFINITE_RECURSION = YES;
				CLANG_WARN_INT_CONVERSION = YES;
				CLANG_WARN_NON_LITERAL_NULL_CONVERSION = YES;
				CLANG_WARN_OBJC_IMPLICIT_RETAIN_SELF = YES;
				CLANG_WARN_OBJC_LITERAL_CONVERSION = YES;
				CLANG_WARN_OBJC_ROOT_CLASS = YES_ERROR;
				CLANG_WARN_QUOTED_INCLUDE_IN_FRAMEWORK_HEADER = YES;
				CLANG_WARN_RANGE_LOOP_ANALYSIS = YES;
				CLANG_WARN_STRICT_PROTOTYPES = YES;
				CLANG_WARN_SUSPICIOUS_MOVE = YES;
				CLANG_WARN_UNGUARDED_AVAILABILITY = YES_AGGRESSIVE;
				CLANG_WARN_UNREACHABLE_CODE = YES;
				CLANG_WARN__DUPLICATE_METHOD_MATCH = YES;
				COPY_PHASE_STRIP = NO;
				DEBUG_INFORMATION_FORMAT = "dwarf-with-dsym";
				ENABLE_NS_ASSERTIONS = NO;
				ENABLE_STRICT_OBJC_MSGSEND = YES;
				GCC_C_LANGUAGE_STANDARD = gnu11;
				GCC_NO_COMMON_BLOCKS = YES;
				GCC_WARN_64_TO_32_BIT_CONVERSION = YES;
				GCC_WARN_ABOUT_RETURN_TYPE = YES_ERROR;
				GCC_WARN_UNDECLARED_SELECTOR = YES;
				GCC_WARN_UNINITIALIZED_AUTOS = YES_AGGRESSIVE;
				GCC_WARN_UNUSED_FUNCTION = YES;
				GCC_WARN_UNUSED_VARIABLE = YES;
				IPHONEOS_DEPLOYMENT_TARGET = 15.0;
				MTL_ENABLE_DEBUG_INFO = NO;
				MTL_FAST_MATH = YES;
				SDKROOT = iphoneos;
				SWIFT_COMPILATION_MODE = wholemodule;
				SWIFT_OPTIMIZATION_LEVEL = "-O";
				VALIDATE_PRODUCT = YES;
			};
			name = Release;
		};
		84987894282B8E980035C959 /* Debug */ = {
			isa = XCBuildConfiguration;
			buildSettings = {
				ASSETCATALOG_COMPILER_APPICON_NAME = AppIcon;
				ASSETCATALOG_COMPILER_GLOBAL_ACCENT_COLOR_NAME = AccentColor;
				CODE_SIGN_STYLE = Automatic;
				CURRENT_PROJECT_VERSION = 1;
				DEVELOPMENT_ASSET_PATHS = "\"FitnessApp/Preview Content\"";
				ENABLE_PREVIEWS = YES;
				GENERATE_INFOPLIST_FILE = YES;
				INFOPLIST_KEY_UIApplicationSceneManifest_Generation = YES;
				INFOPLIST_KEY_UIApplicationSupportsIndirectInputEvents = YES;
				INFOPLIST_KEY_UILaunchScreen_Generation = YES;
				INFOPLIST_KEY_UISupportedInterfaceOrientations = UIInterfaceOrientationPortrait;
				INFOPLIST_KEY_UISupportedInterfaceOrientations_iPad = "UIInterfaceOrientationPortrait UIInterfaceOrientationPortraitUpsideDown UIInterfaceOrientationLandscapeLeft UIInterfaceOrientationLandscapeRight";
				INFOPLIST_KEY_UISupportedInterfaceOrientations_iPhone = "UIInterfaceOrientationPortrait UIInterfaceOrientationLandscapeLeft UIInterfaceOrientationLandscapeRight";
				LD_RUNPATH_SEARCH_PATHS = (
					"$(inherited)",
					"@executable_path/Frameworks",
				);
				MARKETING_VERSION = 1.0;
				PRODUCT_BUNDLE_IDENTIFIER = base.FitnessApp;
				PRODUCT_NAME = "$(TARGET_NAME)";
				SWIFT_EMIT_LOC_STRINGS = YES;
				SWIFT_VERSION = 5.0;
				TARGETED_DEVICE_FAMILY = 1;
			};
			name = Debug;
		};
		84987895282B8E980035C959 /* Release */ = {
			isa = XCBuildConfiguration;
			buildSettings = {
				ASSETCATALOG_COMPILER_APPICON_NAME = AppIcon;
				ASSETCATALOG_COMPILER_GLOBAL_ACCENT_COLOR_NAME = AccentColor;
				CODE_SIGN_STYLE = Automatic;
				CURRENT_PROJECT_VERSION = 1;
				DEVELOPMENT_ASSET_PATHS = "\"FitnessApp/Preview Content\"";
				ENABLE_PREVIEWS = YES;
				GENERATE_INFOPLIST_FILE = YES;
				INFOPLIST_KEY_UIApplicationSceneManifest_Generation = YES;
				INFOPLIST_KEY_UIApplicationSupportsIndirectInputEvents = YES;
				INFOPLIST_KEY_UILaunchScreen_Generation = YES;
				INFOPLIST_KEY_UISupportedInterfaceOrientations = UIInterfaceOrientationPortrait;
				INFOPLIST_KEY_UISupportedInterfaceOrientations_iPad = "UIInterfaceOrientationPortrait UIInterfaceOrientationPortraitUpsideDown UIInterfaceOrientationLandscapeLeft UIInterfaceOrientationLandscapeRight";
				INFOPLIST_KEY_UISupportedInterfaceOrientations_iPhone = "UIInterfaceOrientationPortrait UIInterfaceOrientationLandscapeLeft UIInterfaceOrientationLandscapeRight";
				LD_RUNPATH_SEARCH_PATHS = (
					"$(inherited)",
					"@executable_path/Frameworks",
				);
				MARKETING_VERSION = 1.0;
				PRODUCT_BUNDLE_IDENTIFIER = base.FitnessApp;
				PRODUCT_NAME = "$(TARGET_NAME)";
				SWIFT_EMIT_LOC_STRINGS = YES;
				SWIFT_VERSION = 5.0;
				TARGETED_DEVICE_FAMILY = 1;
			};
			name = Release;
		};
/* End XCBuildConfiguration section */

/* Begin XCConfigurationList section */
		84987880282B8E970035C959 /* Build configuration list for PBXProject "FitnessApp" */ = {
			isa = XCConfigurationList;
			buildConfigurations = (
				84987891282B8E980035C959 /* Debug */,
				84987892282B8E980035C959 /* Release */,
			);
			defaultConfigurationIsVisible = 0;
			defaultConfigurationName = Release;
		};
		84987893282B8E980035C959 /* Build configuration list for PBXNativeTarget "FitnessApp" */ = {
			isa = XCConfigurationList;
			buildConfigurations = (
				84987894282B8E980035C959 /* Debug */,
				84987895282B8E980035C959 /* Release */,
			);
			defaultConfigurationIsVisible = 0;
			defaultConfigurationName = Release;
		};
/* End XCConfigurationList section */
	};
	rootObject = 8498787D282B8E970035C959 /* Project object */;
}
