// !$*UTF8*$!
{
	archiveVersion = 1;
	classes = {
	};
	objectVersion = 55;
	objects = {

/* Begin PBXBuildFile section */
		84375E14282BD335009D91AF /* ActivitiesView.swift in Sources */ = {isa = PBXBuildFile; fileRef = 84375E13282BD335009D91AF /* ActivitiesView.swift */; };
		84375E16282BD56C009D91AF /* SideMenu.swift in Sources */ = {isa = PBXBuildFile; fileRef = 84375E15282BD56C009D91AF /* SideMenu.swift */; };
		84754DCF28326A4F0064DE68 /* InputValidation.swift in Sources */ = {isa = PBXBuildFile; fileRef = 84754DCE28326A4F0064DE68 /* InputValidation.swift */; };
		84754DD128326A6A0064DE68 /* Messages.swift in Sources */ = {isa = PBXBuildFile; fileRef = 84754DD028326A6A0064DE68 /* Messages.swift */; };
		848DC8DC282D12590073B8BB /* Launch.storyboard in Resources */ = {isa = PBXBuildFile; fileRef = 848DC8DB282D12590073B8BB /* Launch.storyboard */; };
		84987889282B8E970035C959 /* FitnessAppApp.swift in Sources */ = {isa = PBXBuildFile; fileRef = 84987888282B8E970035C959 /* FitnessAppApp.swift */; };
		8498788B282B8E970035C959 /* ContentView.swift in Sources */ = {isa = PBXBuildFile; fileRef = 8498788A282B8E970035C959 /* ContentView.swift */; };
		8498788D282B8E980035C959 /* Assets.xcassets in Resources */ = {isa = PBXBuildFile; fileRef = 8498788C282B8E980035C959 /* Assets.xcassets */; };
		84987890282B8E980035C959 /* Preview Assets.xcassets in Resources */ = {isa = PBXBuildFile; fileRef = 8498788F282B8E980035C959 /* Preview Assets.xcassets */; };
		8498789E282B8F350035C959 /* Colors.xcassets in Resources */ = {isa = PBXBuildFile; fileRef = 8498789D282B8F350035C959 /* Colors.xcassets */; };
		849878A0282B904E0035C959 /* Icons.xcassets in Resources */ = {isa = PBXBuildFile; fileRef = 8498789F282B904E0035C959 /* Icons.xcassets */; };
		849878C1282BB39B0035C959 /* Colors.swift in Sources */ = {isa = PBXBuildFile; fileRef = 849878BA282BB39B0035C959 /* Colors.swift */; };
		849878C2282BB39B0035C959 /* Navigation.swift in Sources */ = {isa = PBXBuildFile; fileRef = 849878BB282BB39B0035C959 /* Navigation.swift */; };
		849878C3282BB39B0035C959 /* TextFields.swift in Sources */ = {isa = PBXBuildFile; fileRef = 849878BC282BB39B0035C959 /* TextFields.swift */; };
		849878C4282BB39B0035C959 /* Button+Style.swift in Sources */ = {isa = PBXBuildFile; fileRef = 849878BD282BB39B0035C959 /* Button+Style.swift */; };
		849878C5282BB39B0035C959 /* Checkbox.swift in Sources */ = {isa = PBXBuildFile; fileRef = 849878BE282BB39B0035C959 /* Checkbox.swift */; };
		849878C6282BB39B0035C959 /* Text+Style.swift in Sources */ = {isa = PBXBuildFile; fileRef = 849878BF282BB39B0035C959 /* Text+Style.swift */; };
		849878C7282BB39B0035C959 /* Images.swift in Sources */ = {isa = PBXBuildFile; fileRef = 849878C0282BB39B0035C959 /* Images.swift */; };
		849878C9282BB5870035C959 /* TabBarView.swift in Sources */ = {isa = PBXBuildFile; fileRef = 849878C8282BB5870035C959 /* TabBarView.swift */; };
		84CE7CB6283374BE008F7EA2 /* SessionManager.swift in Sources */ = {isa = PBXBuildFile; fileRef = 84CE7CB5283374BE008F7EA2 /* SessionManager.swift */; };
		84D533BA283213550082323D /* OnboardingView.swift in Sources */ = {isa = PBXBuildFile; fileRef = 84D533B9283213550082323D /* OnboardingView.swift */; };
		84D533BC2832171A0082323D /* SliderItem.swift in Sources */ = {isa = PBXBuildFile; fileRef = 84D533BB2832171A0082323D /* SliderItem.swift */; };
		84D533BE283245C40082323D /* LoginView.swift in Sources */ = {isa = PBXBuildFile; fileRef = 84D533BD283245C40082323D /* LoginView.swift */; };
		84D533C02832547D0082323D /* LoginViewModel.swift in Sources */ = {isa = PBXBuildFile; fileRef = 84D533BF2832547D0082323D /* LoginViewModel.swift */; };
		84DD51F12834BA0200EEC90B /* TeammateDetailsView.swift in Sources */ = {isa = PBXBuildFile; fileRef = 84DD51F02834BA0200EEC90B /* TeammateDetailsView.swift */; };
		84DD51F32834CF9F00EEC90B /* SafeAreaView.swift in Sources */ = {isa = PBXBuildFile; fileRef = 84DD51F22834CF9F00EEC90B /* SafeAreaView.swift */; };
		84E44052282E277500C73266 /* ActivitiesModel.swift in Sources */ = {isa = PBXBuildFile; fileRef = 84E44051282E277500C73266 /* ActivitiesModel.swift */; };
		84E44056282E2A6200C73266 /* ApiService.swift in Sources */ = {isa = PBXBuildFile; fileRef = 84E44055282E2A6200C73266 /* ApiService.swift */; };
		84E44057282E362000C73266 /* activities.json in Resources */ = {isa = PBXBuildFile; fileRef = 84E44054282E2A0600C73266 /* activities.json */; };
		84E4405B282E49A300C73266 /* FitnessView.swift in Sources */ = {isa = PBXBuildFile; fileRef = 84E4405A282E49A300C73266 /* FitnessView.swift */; };
		84E4405D282E753400C73266 /* teammates.json in Resources */ = {isa = PBXBuildFile; fileRef = 84E4405C282E753400C73266 /* teammates.json */; };
		84E4405F282E760700C73266 /* TeammateModel.swift in Sources */ = {isa = PBXBuildFile; fileRef = 84E4405E282E760700C73266 /* TeammateModel.swift */; };
		84E44061282E79A100C73266 /* TeammateView.swift in Sources */ = {isa = PBXBuildFile; fileRef = 84E44060282E79A100C73266 /* TeammateView.swift */; };
		84E81AAC2836537E003B9321 /* islands.json in Resources */ = {isa = PBXBuildFile; fileRef = 84E81AAB2836537E003B9321 /* islands.json */; };
		84E81AAE28365A6D003B9321 /* IslandModel.swift in Sources */ = {isa = PBXBuildFile; fileRef = 84E81AAD28365A6D003B9321 /* IslandModel.swift */; };
		84E81AB028365ACC003B9321 /* LocationsView.swift in Sources */ = {isa = PBXBuildFile; fileRef = 84E81AAF28365ACC003B9321 /* LocationsView.swift */; };
/* End PBXBuildFile section */

/* Begin PBXFileReference section */
		84375E13282BD335009D91AF /* ActivitiesView.swift */ = {isa = PBXFileReference; lastKnownFileType = sourcecode.swift; path = ActivitiesView.swift; sourceTree = "<group>"; };
		84375E15282BD56C009D91AF /* SideMenu.swift */ = {isa = PBXFileReference; lastKnownFileType = sourcecode.swift; path = SideMenu.swift; sourceTree = "<group>"; };
		84754DCE28326A4F0064DE68 /* InputValidation.swift */ = {isa = PBXFileReference; fileEncoding = 4; lastKnownFileType = sourcecode.swift; path = InputValidation.swift; sourceTree = "<group>"; };
		84754DD028326A6A0064DE68 /* Messages.swift */ = {isa = PBXFileReference; fileEncoding = 4; lastKnownFileType = sourcecode.swift; path = Messages.swift; sourceTree = "<group>"; };
		848DC8DB282D12590073B8BB /* Launch.storyboard */ = {isa = PBXFileReference; lastKnownFileType = file.storyboard; path = Launch.storyboard; sourceTree = "<group>"; };
		84987885282B8E970035C959 /* FitnessApp.app */ = {isa = PBXFileReference; explicitFileType = wrapper.application; includeInIndex = 0; path = FitnessApp.app; sourceTree = BUILT_PRODUCTS_DIR; };
		84987888282B8E970035C959 /* FitnessAppApp.swift */ = {isa = PBXFileReference; lastKnownFileType = sourcecode.swift; path = FitnessAppApp.swift; sourceTree = "<group>"; };
		8498788A282B8E970035C959 /* ContentView.swift */ = {isa = PBXFileReference; lastKnownFileType = sourcecode.swift; path = ContentView.swift; sourceTree = "<group>"; };
		8498788C282B8E980035C959 /* Assets.xcassets */ = {isa = PBXFileReference; lastKnownFileType = folder.assetcatalog; path = Assets.xcassets; sourceTree = "<group>"; };
		8498788F282B8E980035C959 /* Preview Assets.xcassets */ = {isa = PBXFileReference; lastKnownFileType = folder.assetcatalog; path = "Preview Assets.xcassets"; sourceTree = "<group>"; };
		8498789D282B8F350035C959 /* Colors.xcassets */ = {isa = PBXFileReference; lastKnownFileType = folder.assetcatalog; path = Colors.xcassets; sourceTree = "<group>"; };
		8498789F282B904E0035C959 /* Icons.xcassets */ = {isa = PBXFileReference; lastKnownFileType = folder.assetcatalog; path = Icons.xcassets; sourceTree = "<group>"; };
		849878BA282BB39B0035C959 /* Colors.swift */ = {isa = PBXFileReference; fileEncoding = 4; lastKnownFileType = sourcecode.swift; path = Colors.swift; sourceTree = "<group>"; };
		849878BB282BB39B0035C959 /* Navigation.swift */ = {isa = PBXFileReference; fileEncoding = 4; lastKnownFileType = sourcecode.swift; path = Navigation.swift; sourceTree = "<group>"; };
		849878BC282BB39B0035C959 /* TextFields.swift */ = {isa = PBXFileReference; fileEncoding = 4; lastKnownFileType = sourcecode.swift; path = TextFields.swift; sourceTree = "<group>"; };
		849878BD282BB39B0035C959 /* Button+Style.swift */ = {isa = PBXFileReference; fileEncoding = 4; lastKnownFileType = sourcecode.swift; path = "Button+Style.swift"; sourceTree = "<group>"; };
		849878BE282BB39B0035C959 /* Checkbox.swift */ = {isa = PBXFileReference; fileEncoding = 4; lastKnownFileType = sourcecode.swift; path = Checkbox.swift; sourceTree = "<group>"; };
		849878BF282BB39B0035C959 /* Text+Style.swift */ = {isa = PBXFileReference; fileEncoding = 4; lastKnownFileType = sourcecode.swift; path = "Text+Style.swift"; sourceTree = "<group>"; };
		849878C0282BB39B0035C959 /* Images.swift */ = {isa = PBXFileReference; fileEncoding = 4; lastKnownFileType = sourcecode.swift; path = Images.swift; sourceTree = "<group>"; };
		849878C8282BB5870035C959 /* TabBarView.swift */ = {isa = PBXFileReference; fileEncoding = 4; lastKnownFileType = sourcecode.swift; path = TabBarView.swift; sourceTree = "<group>"; };
		84CE7CB5283374BE008F7EA2 /* SessionManager.swift */ = {isa = PBXFileReference; lastKnownFileType = sourcecode.swift; path = SessionManager.swift; sourceTree = "<group>"; };
		84D533B9283213550082323D /* OnboardingView.swift */ = {isa = PBXFileReference; lastKnownFileType = sourcecode.swift; path = OnboardingView.swift; sourceTree = "<group>"; };
		84D533BB2832171A0082323D /* SliderItem.swift */ = {isa = PBXFileReference; lastKnownFileType = sourcecode.swift; path = SliderItem.swift; sourceTree = "<group>"; };
		84D533BD283245C40082323D /* LoginView.swift */ = {isa = PBXFileReference; lastKnownFileType = sourcecode.swift; path = LoginView.swift; sourceTree = "<group>"; };
		84D533BF2832547D0082323D /* LoginViewModel.swift */ = {isa = PBXFileReference; fileEncoding = 4; lastKnownFileType = sourcecode.swift; path = LoginViewModel.swift; sourceTree = "<group>"; };
		84DD51F02834BA0200EEC90B /* TeammateDetailsView.swift */ = {isa = PBXFileReference; lastKnownFileType = sourcecode.swift; path = TeammateDetailsView.swift; sourceTree = "<group>"; };
		84DD51F22834CF9F00EEC90B /* SafeAreaView.swift */ = {isa = PBXFileReference; lastKnownFileType = sourcecode.swift; path = SafeAreaView.swift; sourceTree = "<group>"; };
		84E44051282E277500C73266 /* ActivitiesModel.swift */ = {isa = PBXFileReference; lastKnownFileType = sourcecode.swift; path = ActivitiesModel.swift; sourceTree = "<group>"; };
		84E44054282E2A0600C73266 /* activities.json */ = {isa = PBXFileReference; lastKnownFileType = text.json; path = activities.json; sourceTree = "<group>"; };
		84E44055282E2A6200C73266 /* ApiService.swift */ = {isa = PBXFileReference; lastKnownFileType = sourcecode.swift; path = ApiService.swift; sourceTree = "<group>"; };
		84E4405A282E49A300C73266 /* FitnessView.swift */ = {isa = PBXFileReference; lastKnownFileType = sourcecode.swift; path = FitnessView.swift; sourceTree = "<group>"; };
		84E4405C282E753400C73266 /* teammates.json */ = {isa = PBXFileReference; lastKnownFileType = text.json; path = teammates.json; sourceTree = "<group>"; };
		84E4405E282E760700C73266 /* TeammateModel.swift */ = {isa = PBXFileReference; lastKnownFileType = sourcecode.swift; path = TeammateModel.swift; sourceTree = "<group>"; };
		84E44060282E79A100C73266 /* TeammateView.swift */ = {isa = PBXFileReference; lastKnownFileType = sourcecode.swift; path = TeammateView.swift; sourceTree = "<group>"; };
		84E81AAB2836537E003B9321 /* islands.json */ = {isa = PBXFileReference; lastKnownFileType = text.json; path = islands.json; sourceTree = "<group>"; };
		84E81AAD28365A6D003B9321 /* IslandModel.swift */ = {isa = PBXFileReference; lastKnownFileType = sourcecode.swift; path = IslandModel.swift; sourceTree = "<group>"; };
		84E81AAF28365ACC003B9321 /* LocationsView.swift */ = {isa = PBXFileReference; lastKnownFileType = sourcecode.swift; path = LocationsView.swift; sourceTree = "<group>"; };
/* End PBXFileReference section */

/* Begin PBXFrameworksBuildPhase section */
		84987882282B8E970035C959 /* Frameworks */ = {
			isa = PBXFrameworksBuildPhase;
			buildActionMask = 2147483647;
			files = (
			);
			runOnlyForDeploymentPostprocessing = 0;
		};
/* End PBXFrameworksBuildPhase section */

/* Begin PBXGroup section */
		8498787C282B8E970035C959 = {
			isa = PBXGroup;
			children = (
				84987887282B8E970035C959 /* FitnessApp */,
				84987886282B8E970035C959 /* Products */,
			);
			sourceTree = "<group>";
		};
		84987886282B8E970035C959 /* Products */ = {
			isa = PBXGroup;
			children = (
				84987885282B8E970035C959 /* FitnessApp.app */,
			);
			name = Products;
			sourceTree = "<group>";
		};
		84987887282B8E970035C959 /* FitnessApp */ = {
			isa = PBXGroup;
			children = (
				8498789C282B8EED0035C959 /* Application */,
				8498789B282B8EE70035C959 /* Models */,
				8498789A282B8EE00035C959 /* Utils */,
				84987899282B8EDA0035C959 /* Views */,
				84987897282B8EB50035C959 /* Features */,
				84987898282B8EBD0035C959 /* Extensions */,
				84987896282B8EA80035C959 /* Resouces */,
				8498788E282B8E980035C959 /* Preview Content */,
			);
			path = FitnessApp;
			sourceTree = "<group>";
		};
		8498788E282B8E980035C959 /* Preview Content */ = {
			isa = PBXGroup;
			children = (
				8498788F282B8E980035C959 /* Preview Assets.xcassets */,
			);
			path = "Preview Content";
			sourceTree = "<group>";
		};
		84987896282B8EA80035C959 /* Resouces */ = {
			isa = PBXGroup;
			children = (
				84E44053282E29D800C73266 /* json */,
				8498788C282B8E980035C959 /* Assets.xcassets */,
				8498789D282B8F350035C959 /* Colors.xcassets */,
				8498789F282B904E0035C959 /* Icons.xcassets */,
				848DC8DB282D12590073B8BB /* Launch.storyboard */,
			);
			path = Resouces;
			sourceTree = "<group>";
		};
		84987897282B8EB50035C959 /* Features */ = {
			isa = PBXGroup;
			children = (
				8498788A282B8E970035C959 /* ContentView.swift */,
				84375E15282BD56C009D91AF /* SideMenu.swift */,
				849878C8282BB5870035C959 /* TabBarView.swift */,
				84375E13282BD335009D91AF /* ActivitiesView.swift */,
				84E4405A282E49A300C73266 /* FitnessView.swift */,
				84E44060282E79A100C73266 /* TeammateView.swift */,
				84DD51F02834BA0200EEC90B /* TeammateDetailsView.swift */,
				84D533B9283213550082323D /* OnboardingView.swift */,
				84D533C1283254810082323D /* Login */,
				84DD51F22834CF9F00EEC90B /* SafeAreaView.swift */,
				84E81AAF28365ACC003B9321 /* LocationsView.swift */,
			);
			path = Features;
			sourceTree = "<group>";
		};
		84987898282B8EBD0035C959 /* Extensions */ = {
			isa = PBXGroup;
			children = (
				849878BD282BB39B0035C959 /* Button+Style.swift */,
				849878BE282BB39B0035C959 /* Checkbox.swift */,
				849878BA282BB39B0035C959 /* Colors.swift */,
				849878C0282BB39B0035C959 /* Images.swift */,
				849878BB282BB39B0035C959 /* Navigation.swift */,
				849878BF282BB39B0035C959 /* Text+Style.swift */,
				849878BC282BB39B0035C959 /* TextFields.swift */,
			);
			path = Extensions;
			sourceTree = "<group>";
		};
		84987899282B8EDA0035C959 /* Views */ = {
			isa = PBXGroup;
			children = (
			);
			path = Views;
			sourceTree = "<group>";
		};
		8498789A282B8EE00035C959 /* Utils */ = {
			isa = PBXGroup;
			children = (
				84754DD028326A6A0064DE68 /* Messages.swift */,
				84754DCE28326A4F0064DE68 /* InputValidation.swift */,
				84CE7CB5283374BE008F7EA2 /* SessionManager.swift */,
			);
			path = Utils;
			sourceTree = "<group>";
		};
		8498789B282B8EE70035C959 /* Models */ = {
			isa = PBXGroup;
			children = (
				84E44051282E277500C73266 /* ActivitiesModel.swift */,
				84E44055282E2A6200C73266 /* ApiService.swift */,
				84E4405E282E760700C73266 /* TeammateModel.swift */,
				84D533BB2832171A0082323D /* SliderItem.swift */,
				84E81AAD28365A6D003B9321 /* IslandModel.swift */,
			);
			path = Models;
			sourceTree = "<group>";
		};
		8498789C282B8EED0035C959 /* Application */ = {
			isa = PBXGroup;
			children = (
				84987888282B8E970035C959 /* FitnessAppApp.swift */,
			);
			path = Application;
			sourceTree = "<group>";
		};
		84D533C1283254810082323D /* Login */ = {
			isa = PBXGroup;
			children = (
				84D533BD283245C40082323D /* LoginView.swift */,
				84D533BF2832547D0082323D /* LoginViewModel.swift */,
			);
			path = Login;
			sourceTree = "<group>";
		};
		84E44053282E29D800C73266 /* json */ = {
			isa = PBXGroup;
			children = (
				84E44054282E2A0600C73266 /* activities.json */,
				84E4405C282E753400C73266 /* teammates.json */,
				84E81AAB2836537E003B9321 /* islands.json */,
			);
			path = json;
			sourceTree = "<group>";
		};
/* End PBXGroup section */

/* Begin PBXNativeTarget section */
		84987884282B8E970035C959 /* FitnessApp */ = {
			isa = PBXNativeTarget;
			buildConfigurationList = 84987893282B8E980035C959 /* Build configuration list for PBXNativeTarget "FitnessApp" */;
			buildPhases = (
				84987881282B8E970035C959 /* Sources */,
				84987882282B8E970035C959 /* Frameworks */,
				84987883282B8E970035C959 /* Resources */,
			);
			buildRules = (
			);
			dependencies = (
			);
			name = FitnessApp;
			productName = FitnessApp;
			productReference = 84987885282B8E970035C959 /* FitnessApp.app */;
			productType = "com.apple.product-type.application";
		};
/* End PBXNativeTarget section */

/* Begin PBXProject section */
		8498787D282B8E970035C959 /* Project object */ = {
			isa = PBXProject;
			attributes = {
				BuildIndependentTargetsInParallel = 1;
				LastSwiftUpdateCheck = 1310;
				LastUpgradeCheck = 1310;
				TargetAttributes = {
					84987884282B8E970035C959 = {
						CreatedOnToolsVersion = 13.1;
					};
				};
			};
			buildConfigurationList = 84987880282B8E970035C959 /* Build configuration list for PBXProject "FitnessApp" */;
			compatibilityVersion = "Xcode 13.0";
			developmentRegion = en;
			hasScannedForEncodings = 0;
			knownRegions = (
				en,
				Base,
			);
			mainGroup = 8498787C282B8E970035C959;
			productRefGroup = 84987886282B8E970035C959 /* Products */;
			projectDirPath = "";
			projectRoot = "";
			targets = (
				84987884282B8E970035C959 /* FitnessApp */,
			);
		};
/* End PBXProject section */

/* Begin PBXResourcesBuildPhase section */
		84987883282B8E970035C959 /* Resources */ = {
			isa = PBXResourcesBuildPhase;
			buildActionMask = 2147483647;
			files = (
				8498789E282B8F350035C959 /* Colors.xcassets in Resources */,
				848DC8DC282D12590073B8BB /* Launch.storyboard in Resources */,
				84E81AAC2836537E003B9321 /* islands.json in Resources */,
				84E44057282E362000C73266 /* activities.json in Resources */,
				84987890282B8E980035C959 /* Preview Assets.xcassets in Resources */,
				849878A0282B904E0035C959 /* Icons.xcassets in Resources */,
				84E4405D282E753400C73266 /* teammates.json in Resources */,
				8498788D282B8E980035C959 /* Assets.xcassets in Resources */,
			);
			runOnlyForDeploymentPostprocessing = 0;
		};
/* End PBXResourcesBuildPhase section */

/* Begin PBXSourcesBuildPhase section */
		84987881282B8E970035C959 /* Sources */ = {
			isa = PBXSourcesBuildPhase;
			buildActionMask = 2147483647;
			files = (
				849878C5282BB39B0035C959 /* Checkbox.swift in Sources */,
				84754DD128326A6A0064DE68 /* Messages.swift in Sources */,
				84E81AAE28365A6D003B9321 /* IslandModel.swift in Sources */,
				84375E14282BD335009D91AF /* ActivitiesView.swift in Sources */,
				84DD51F12834BA0200EEC90B /* TeammateDetailsView.swift in Sources */,
				8498788B282B8E970035C959 /* ContentView.swift in Sources */,
				84D533BA283213550082323D /* OnboardingView.swift in Sources */,
				84DD51F32834CF9F00EEC90B /* SafeAreaView.swift in Sources */,
				84375E16282BD56C009D91AF /* SideMenu.swift in Sources */,
				849878C1282BB39B0035C959 /* Colors.swift in Sources */,
				84D533BC2832171A0082323D /* SliderItem.swift in Sources */,
				849878C2282BB39B0035C959 /* Navigation.swift in Sources */,
				84E44052282E277500C73266 /* ActivitiesModel.swift in Sources */,
				84E81AB028365ACC003B9321 /* LocationsView.swift in Sources */,
				84987889282B8E970035C959 /* FitnessAppApp.swift in Sources */,
				849878C4282BB39B0035C959 /* Button+Style.swift in Sources */,
				84754DCF28326A4F0064DE68 /* InputValidation.swift in Sources */,
				849878C7282BB39B0035C959 /* Images.swift in Sources */,
				84CE7CB6283374BE008F7EA2 /* SessionManager.swift in Sources */,
				849878C3282BB39B0035C959 /* TextFields.swift in Sources */,
				84E4405B282E49A300C73266 /* FitnessView.swift in Sources */,
				84E44061282E79A100C73266 /* TeammateView.swift in Sources */,
				849878C9282BB5870035C959 /* TabBarView.swift in Sources */,
				84E4405F282E760700C73266 /* TeammateModel.swift in Sources */,
				84E44056282E2A6200C73266 /* ApiService.swift in Sources */,
				84D533BE283245C40082323D /* LoginView.swift in Sources */,
				849878C6282BB39B0035C959 /* Text+Style.swift in Sources */,
				84D533C02832547D0082323D /* LoginViewModel.swift in Sources */,
			);
			runOnlyForDeploymentPostprocessing = 0;
		};
/* End PBXSourcesBuildPhase section */

/* Begin XCBuildConfiguration section */
		84987891282B8E980035C959 /* Debug */ = {
			isa = XCBuildConfiguration;
			buildSettings = {
				ALWAYS_SEARCH_USER_PATHS = NO;
				CLANG_ANALYZER_NONNULL = YES;
				CLANG_ANALYZER_NUMBER_OBJECT_CONVERSION = YES_AGGRESSIVE;
				CLANG_CXX_LANGUAGE_STANDARD = "gnu++17";
				CLANG_CXX_LIBRARY = "libc++";
				CLANG_ENABLE_MODULES = YES;
				CLANG_ENABLE_OBJC_ARC = YES;
				CLANG_ENABLE_OBJC_WEAK = YES;
				CLANG_WARN_BLOCK_CAPTURE_AUTORELEASING = YES;
				CLANG_WARN_BOOL_CONVERSION = YES;
				CLANG_WARN_COMMA = YES;
				CLANG_WARN_CONSTANT_CONVERSION = YES;
				CLANG_WARN_DEPRECATED_OBJC_IMPLEMENTATIONS = YES;
				CLANG_WARN_DIRECT_OBJC_ISA_USAGE = YES_ERROR;
				CLANG_WARN_DOCUMENTATION_COMMENTS = YES;
				CLANG_WARN_EMPTY_BODY = YES;
				CLANG_WARN_ENUM_CONVERSION = YES;
				CLANG_WARN_INFINITE_RECURSION = YES;
				CLANG_WARN_INT_CONVERSION = YES;
				CLANG_WARN_NON_LITERAL_NULL_CONVERSION = YES;
				CLANG_WARN_OBJC_IMPLICIT_RETAIN_SELF = YES;
				CLANG_WARN_OBJC_LITERAL_CONVERSION = YES;
				CLANG_WARN_OBJC_ROOT_CLASS = YES_ERROR;
				CLANG_WARN_QUOTED_INCLUDE_IN_FRAMEWORK_HEADER = YES;
				CLANG_WARN_RANGE_LOOP_ANALYSIS = YES;
				CLANG_WARN_STRICT_PROTOTYPES = YES;
				CLANG_WARN_SUSPICIOUS_MOVE = YES;
				CLANG_WARN_UNGUARDED_AVAILABILITY = YES_AGGRESSIVE;
				CLANG_WARN_UNREACHABLE_CODE = YES;
				CLANG_WARN__DUPLICATE_METHOD_MATCH = YES;
				COPY_PHASE_STRIP = NO;
				DEBUG_INFORMATION_FORMAT = dwarf;
				ENABLE_STRICT_OBJC_MSGSEND = YES;
				ENABLE_TESTABILITY = YES;
				GCC_C_LANGUAGE_STANDARD = gnu11;
				GCC_DYNAMIC_NO_PIC = NO;
				GCC_NO_COMMON_BLOCKS = YES;
				GCC_OPTIMIZATION_LEVEL = 0;
				GCC_PREPROCESSOR_DEFINITIONS = (
					"DEBUG=1",
					"$(inherited)",
				);
				GCC_WARN_64_TO_32_BIT_CONVERSION = YES;
				GCC_WARN_ABOUT_RETURN_TYPE = YES_ERROR;
				GCC_WARN_UNDECLARED_SELECTOR = YES;
				GCC_WARN_UNINITIALIZED_AUTOS = YES_AGGRESSIVE;
				GCC_WARN_UNUSED_FUNCTION = YES;
				GCC_WARN_UNUSED_VARIABLE = YES;
				IPHONEOS_DEPLOYMENT_TARGET = 15.0;
				MTL_ENABLE_DEBUG_INFO = INCLUDE_SOURCE;
				MTL_FAST_MATH = YES;
				ONLY_ACTIVE_ARCH = YES;
				SDKROOT = iphoneos;
				SWIFT_ACTIVE_COMPILATION_CONDITIONS = DEBUG;
				SWIFT_OPTIMIZATION_LEVEL = "-Onone";
			};
			name = Debug;
		};
		84987892282B8E980035C959 /* Release */ = {
			isa = XCBuildConfiguration;
			buildSettings = {
				ALWAYS_SEARCH_USER_PATHS = NO;
				CLANG_ANALYZER_NONNULL = YES;
				CLANG_ANALYZER_NUMBER_OBJECT_CONVERSION = YES_AGGRESSIVE;
				CLANG_CXX_LANGUAGE_STANDARD = "gnu++17";
				CLANG_CXX_LIBRARY = "libc++";
				CLANG_ENABLE_MODULES = YES;
				CLANG_ENABLE_OBJC_ARC = YES;
				CLANG_ENABLE_OBJC_WEAK = YES;
				CLANG_WARN_BLOCK_CAPTURE_AUTORELEASING = YES;
				CLANG_WARN_BOOL_CONVERSION = YES;
				CLANG_WARN_COMMA = YES;
				CLANG_WARN_CONSTANT_CONVERSION = YES;
				CLANG_WARN_DEPRECATED_OBJC_IMPLEMENTATIONS = YES;
				CLANG_WARN_DIRECT_OBJC_ISA_USAGE = YES_ERROR;
				CLANG_WARN_DOCUMENTATION_COMMENTS = YES;
				CLANG_WARN_EMPTY_BODY = YES;
				CLANG_WARN_ENUM_CONVERSION = YES;
				CLANG_WARN_INFINITE_RECURSION = YES;
				CLANG_WARN_INT_CONVERSION = YES;
				CLANG_WARN_NON_LITERAL_NULL_CONVERSION = YES;
				CLANG_WARN_OBJC_IMPLICIT_RETAIN_SELF = YES;
				CLANG_WARN_OBJC_LITERAL_CONVERSION = YES;
				CLANG_WARN_OBJC_ROOT_CLASS = YES_ERROR;
				CLANG_WARN_QUOTED_INCLUDE_IN_FRAMEWORK_HEADER = YES;
				CLANG_WARN_RANGE_LOOP_ANALYSIS = YES;
				CLANG_WARN_STRICT_PROTOTYPES = YES;
				CLANG_WARN_SUSPICIOUS_MOVE = YES;
				CLANG_WARN_UNGUARDED_AVAILABILITY = YES_AGGRESSIVE;
				CLANG_WARN_UNREACHABLE_CODE = YES;
				CLANG_WARN__DUPLICATE_METHOD_MATCH = YES;
				COPY_PHASE_STRIP = NO;
				DEBUG_INFORMATION_FORMAT = "dwarf-with-dsym";
				ENABLE_NS_ASSERTIONS = NO;
				ENABLE_STRICT_OBJC_MSGSEND = YES;
				GCC_C_LANGUAGE_STANDARD = gnu11;
				GCC_NO_COMMON_BLOCKS = YES;
				GCC_WARN_64_TO_32_BIT_CONVERSION = YES;
				GCC_WARN_ABOUT_RETURN_TYPE = YES_ERROR;
				GCC_WARN_UNDECLARED_SELECTOR = YES;
				GCC_WARN_UNINITIALIZED_AUTOS = YES_AGGRESSIVE;
				GCC_WARN_UNUSED_FUNCTION = YES;
				GCC_WARN_UNUSED_VARIABLE = YES;
				IPHONEOS_DEPLOYMENT_TARGET = 15.0;
				MTL_ENABLE_DEBUG_INFO = NO;
				MTL_FAST_MATH = YES;
				SDKROOT = iphoneos;
				SWIFT_COMPILATION_MODE = wholemodule;
				SWIFT_OPTIMIZATION_LEVEL = "-O";
				VALIDATE_PRODUCT = YES;
			};
			name = Release;
		};
		84987894282B8E980035C959 /* Debug */ = {
			isa = XCBuildConfiguration;
			buildSettings = {
				ASSETCATALOG_COMPILER_APPICON_NAME = AppIcon;
				ASSETCATALOG_COMPILER_GLOBAL_ACCENT_COLOR_NAME = AccentColor;
				CODE_SIGN_STYLE = Automatic;
				CURRENT_PROJECT_VERSION = 1;
				DEVELOPMENT_ASSET_PATHS = "\"FitnessApp/Preview Content\"";
				DEVELOPMENT_TEAM = FK8XXB5H32;
				ENABLE_PREVIEWS = YES;
				GENERATE_INFOPLIST_FILE = YES;
				INFOPLIST_KEY_UIApplicationSceneManifest_Generation = YES;
				INFOPLIST_KEY_UIApplicationSupportsIndirectInputEvents = YES;
				INFOPLIST_KEY_UILaunchScreen_Generation = YES;
				INFOPLIST_KEY_UIMainStoryboardFile = Launch;
				INFOPLIST_KEY_UISupportedInterfaceOrientations = UIInterfaceOrientationPortrait;
				INFOPLIST_KEY_UISupportedInterfaceOrientations_iPad = "UIInterfaceOrientationPortrait UIInterfaceOrientationPortraitUpsideDown UIInterfaceOrientationLandscapeLeft UIInterfaceOrientationLandscapeRight";
				INFOPLIST_KEY_UISupportedInterfaceOrientations_iPhone = "UIInterfaceOrientationPortrait UIInterfaceOrientationLandscapeLeft UIInterfaceOrientationLandscapeRight";
				LD_RUNPATH_SEARCH_PATHS = (
					"$(inherited)",
					"@executable_path/Frameworks",
				);
				MARKETING_VERSION = 1.0;
				PRODUCT_BUNDLE_IDENTIFIER = com.populaw.app;
				PRODUCT_NAME = "$(TARGET_NAME)";
				SWIFT_EMIT_LOC_STRINGS = YES;
				SWIFT_VERSION = 5.0;
				TARGETED_DEVICE_FAMILY = 1;
			};
			name = Debug;
		};
		84987895282B8E980035C959 /* Release */ = {
			isa = XCBuildConfiguration;
			buildSettings = {
				ASSETCATALOG_COMPILER_APPICON_NAME = AppIcon;
				ASSETCATALOG_COMPILER_GLOBAL_ACCENT_COLOR_NAME = AccentColor;
				CODE_SIGN_STYLE = Automatic;
				CURRENT_PROJECT_VERSION = 1;
				DEVELOPMENT_ASSET_PATHS = "\"FitnessApp/Preview Content\"";
				DEVELOPMENT_TEAM = FK8XXB5H32;
				ENABLE_PREVIEWS = YES;
				GENERATE_INFOPLIST_FILE = YES;
				INFOPLIST_KEY_UIApplicationSceneManifest_Generation = YES;
				INFOPLIST_KEY_UIApplicationSupportsIndirectInputEvents = YES;
				INFOPLIST_KEY_UILaunchScreen_Generation = YES;
				INFOPLIST_KEY_UIMainStoryboardFile = Launch;
				INFOPLIST_KEY_UISupportedInterfaceOrientations = UIInterfaceOrientationPortrait;
				INFOPLIST_KEY_UISupportedInterfaceOrientations_iPad = "UIInterfaceOrientationPortrait UIInterfaceOrientationPortraitUpsideDown UIInterfaceOrientationLandscapeLeft UIInterfaceOrientationLandscapeRight";
				INFOPLIST_KEY_UISupportedInterfaceOrientations_iPhone = "UIInterfaceOrientationPortrait UIInterfaceOrientationLandscapeLeft UIInterfaceOrientationLandscapeRight";
				LD_RUNPATH_SEARCH_PATHS = (
					"$(inherited)",
					"@executable_path/Frameworks",
				);
				MARKETING_VERSION = 1.0;
				PRODUCT_BUNDLE_IDENTIFIER = com.populaw.app;
				PRODUCT_NAME = "$(TARGET_NAME)";
				SWIFT_EMIT_LOC_STRINGS = YES;
				SWIFT_VERSION = 5.0;
				TARGETED_DEVICE_FAMILY = 1;
			};
			name = Release;
		};
/* End XCBuildConfiguration section */

/* Begin XCConfigurationList section */
		84987880282B8E970035C959 /* Build configuration list for PBXProject "FitnessApp" */ = {
			isa = XCConfigurationList;
			buildConfigurations = (
				84987891282B8E980035C959 /* Debug */,
				84987892282B8E980035C959 /* Release */,
			);
			defaultConfigurationIsVisible = 0;
			defaultConfigurationName = Release;
		};
		84987893282B8E980035C959 /* Build configuration list for PBXNativeTarget "FitnessApp" */ = {
			isa = XCConfigurationList;
			buildConfigurations = (
				84987894282B8E980035C959 /* Debug */,
				84987895282B8E980035C959 /* Release */,
			);
			defaultConfigurationIsVisible = 0;
			defaultConfigurationName = Release;
		};
/* End XCConfigurationList section */
	};
	rootObject = 8498787D282B8E970035C959 /* Project object */;
}
